
Microsoft Visual Studio Solution File, Format Version 12.00
# Visual Studio 2013
VisualStudioVersion = 12.0.21005.1
MinimumVisualStudioVersion = 10.0.40219.1
Project("{FAE04EC0-301F-11D3-BF4B-00C04F79EFBC}") = "Example1SimpleStruct", "ExampleSimpleStruct\Example1SimpleStruct.csproj", "{AF9CC90B-D750-44E5-AC08-05CBD7A51D87}"
EndProject
Project("{FAE04EC0-301F-11D3-BF4B-00C04F79EFBC}") = "Example2SimpleEnum", "ExampleSimpleEnum\Example2SimpleEnum.csproj", "{281DF5A6-FBB6-41A0-842F-7AAE6BE0D4B2}"
EndProject
Global
	GlobalSection(SolutionConfigurationPlatforms) = preSolution
		Debug|Any CPU = Debug|Any CPU
		Release|Any CPU = Release|Any CPU
	EndGlobalSection
	GlobalSection(ProjectConfigurationPlatforms) = postSolution
		{AF9CC90B-D750-44E5-AC08-05CBD7A51D87}.Debug|Any CPU.ActiveCfg = Debug|Any CPU
		{AF9CC90B-D750-44E5-AC08-05CBD7A51D87}.Debug|Any CPU.Build.0 = Debug|Any CPU
		{AF9CC90B-D750-44E5-AC08-05CBD7A51D87}.Release|Any CPU.ActiveCfg = Release|Any CPU
		{AF9CC90B-D750-44E5-AC08-05CBD7A51D87}.Release|Any CPU.Build.0 = Release|Any CPU
		{281DF5A6-FBB6-41A0-842F-7AAE6BE0D4B2}.Debug|Any CPU.ActiveCfg = Debug|Any CPU
		{281DF5A6-FBB6-41A0-842F-7AAE6BE0D4B2}.Debug|Any CPU.Build.0 = Debug|Any CPU
		{281DF5A6-FBB6-41A0-842F-7AAE6BE0D4B2}.Release|Any CPU.ActiveCfg = Release|Any CPU
		{281DF5A6-FBB6-41A0-842F-7AAE6BE0D4B2}.Release|Any CPU.Build.0 = Release|Any CPU
	EndGlobalSection
	GlobalSection(SolutionProperties) = preSolution
		HideSolutionNode = FALSE
	EndGlobalSection
EndGlobal
