
Microsoft Visual Studio Solution File, Format Version 12.00
# Visual Studio 2013
VisualStudioVersion = 12.0.21005.1
MinimumVisualStudioVersion = 10.0.40219.1
Project("{FAE04EC0-301F-11D3-BF4B-00C04F79EFBC}") = "Example1FileStream2", "Example1\Example1FileStream2.csproj", "{B86D03B0-017F-4475-90F7-5F0C70AA186B}"
EndProject
Project("{FAE04EC0-301F-11D3-BF4B-00C04F79EFBC}") = "Example2FileStream3", "Example2\Example2FileStream3.csproj", "{371EA99C-9810-40F8-8F2A-74FED3D2E563}"
EndProject
Project("{FAE04EC0-301F-11D3-BF4B-00C04F79EFBC}") = "Example3Stream1", "Example3Stream\Example3Stream1.csproj", "{3FD12D24-C0FD-4E41-A0D1-F3758BF2A84F}"
EndProject
Project("{FAE04EC0-301F-11D3-BF4B-00C04F79EFBC}") = "Example4Binary", "Example4\Example4Binary.csproj", "{91D7C9E0-ADCF-47A1-9E77-F5E7E8C0665E}"
EndProject
Project("{FAE04EC0-301F-11D3-BF4B-00C04F79EFBC}") = "Example5DirectoryComplex", "Example5\Example5DirectoryComplex.csproj", "{6AD72325-4CAB-4626-BF3B-D4F4E8676A01}"
EndProject
Project("{FAE04EC0-301F-11D3-BF4B-00C04F79EFBC}") = "Example1FileStream1", "Example11\Example1FileStream1.csproj", "{6CA57C6C-3D57-4761-9E0B-227E791CA9AA}"
EndProject
Project("{FAE04EC0-301F-11D3-BF4B-00C04F79EFBC}") = "Example3Stream2", "Example3S\Example3Stream2.csproj", "{C9D88673-2AF3-4EE0-A581-D738390FFAC8}"
EndProject
Project("{FAE04EC0-301F-11D3-BF4B-00C04F79EFBC}") = "Example8SearchFiles", "Example6\Example8SearchFiles.csproj", "{5E11C3E6-BEAD-4A12-AF89-AFF852A55B2A}"
EndProject
Project("{FAE04EC0-301F-11D3-BF4B-00C04F79EFBC}") = "Example9SearchTexInFiles", "Example7\Example9SearchTexInFiles.csproj", "{B13081C9-A79B-4B6E-86F4-B1BE97E77924}"
EndProject
Project("{2150E333-8FDC-42A3-9474-1A3956D46DE8}") = "FilesAndDirs", "FilesAndDirs", "{EC398D4B-7C37-47C2-8891-186FAB2B707D}"
EndProject
Project("{FAE04EC0-301F-11D3-BF4B-00C04F79EFBC}") = "Example1DirectoryInfo", "ExampleDirectoryInfo\Example1DirectoryInfo.csproj", "{E0E51847-CD88-407A-8C8B-769D808A24CF}"
EndProject
Project("{FAE04EC0-301F-11D3-BF4B-00C04F79EFBC}") = "Example2Directory", "ExampleDirectory\Example2Directory.csproj", "{0399A71E-B85E-4755-9699-76B9991D0DEF}"
EndProject
Project("{FAE04EC0-301F-11D3-BF4B-00C04F79EFBC}") = "Example3DriveInfo", "ExampleDriveInfo\Example3DriveInfo.csproj", "{BFF49B3A-475B-4B59-9EEF-E1C5DCEF1889}"
EndProject
Project("{FAE04EC0-301F-11D3-BF4B-00C04F79EFBC}") = "Example4FileInfo", "ExampleFileInfo\Example4FileInfo.csproj", "{54758771-56B9-49F9-A318-E704636E6049}"
EndProject
Project("{FAE04EC0-301F-11D3-BF4B-00C04F79EFBC}") = "Example5File", "ExampleFile\Example5File.csproj", "{5E90E615-C667-4FBD-BC24-FC83CE25B65F}"
EndProject
Project("{FAE04EC0-301F-11D3-BF4B-00C04F79EFBC}") = "Example6Path", "ExamplePath\Example6Path.csproj", "{37037834-F848-4922-812D-8D221C0A35DB}"
EndProject
Project("{FAE04EC0-301F-11D3-BF4B-00C04F79EFBC}") = "Example7SpecDirs", "ExampleSpecDirs\Example7SpecDirs.csproj", "{9849774D-10C6-4BBF-B747-381F3D514381}"
EndProject
Global
	GlobalSection(SolutionConfigurationPlatforms) = preSolution
		Debug|Any CPU = Debug|Any CPU
		Release|Any CPU = Release|Any CPU
	EndGlobalSection
	GlobalSection(ProjectConfigurationPlatforms) = postSolution
		{B86D03B0-017F-4475-90F7-5F0C70AA186B}.Debug|Any CPU.ActiveCfg = Debug|Any CPU
		{B86D03B0-017F-4475-90F7-5F0C70AA186B}.Debug|Any CPU.Build.0 = Debug|Any CPU
		{B86D03B0-017F-4475-90F7-5F0C70AA186B}.Release|Any CPU.ActiveCfg = Release|Any CPU
		{B86D03B0-017F-4475-90F7-5F0C70AA186B}.Release|Any CPU.Build.0 = Release|Any CPU
		{371EA99C-9810-40F8-8F2A-74FED3D2E563}.Debug|Any CPU.ActiveCfg = Debug|Any CPU
		{371EA99C-9810-40F8-8F2A-74FED3D2E563}.Debug|Any CPU.Build.0 = Debug|Any CPU
		{371EA99C-9810-40F8-8F2A-74FED3D2E563}.Release|Any CPU.ActiveCfg = Release|Any CPU
		{371EA99C-9810-40F8-8F2A-74FED3D2E563}.Release|Any CPU.Build.0 = Release|Any CPU
		{3FD12D24-C0FD-4E41-A0D1-F3758BF2A84F}.Debug|Any CPU.ActiveCfg = Debug|Any CPU
		{3FD12D24-C0FD-4E41-A0D1-F3758BF2A84F}.Debug|Any CPU.Build.0 = Debug|Any CPU
		{3FD12D24-C0FD-4E41-A0D1-F3758BF2A84F}.Release|Any CPU.ActiveCfg = Release|Any CPU
		{3FD12D24-C0FD-4E41-A0D1-F3758BF2A84F}.Release|Any CPU.Build.0 = Release|Any CPU
		{91D7C9E0-ADCF-47A1-9E77-F5E7E8C0665E}.Debug|Any CPU.ActiveCfg = Debug|Any CPU
		{91D7C9E0-ADCF-47A1-9E77-F5E7E8C0665E}.Debug|Any CPU.Build.0 = Debug|Any CPU
		{91D7C9E0-ADCF-47A1-9E77-F5E7E8C0665E}.Release|Any CPU.ActiveCfg = Release|Any CPU
		{91D7C9E0-ADCF-47A1-9E77-F5E7E8C0665E}.Release|Any CPU.Build.0 = Release|Any CPU
		{6AD72325-4CAB-4626-BF3B-D4F4E8676A01}.Debug|Any CPU.ActiveCfg = Debug|Any CPU
		{6AD72325-4CAB-4626-BF3B-D4F4E8676A01}.Debug|Any CPU.Build.0 = Debug|Any CPU
		{6AD72325-4CAB-4626-BF3B-D4F4E8676A01}.Release|Any CPU.ActiveCfg = Release|Any CPU
		{6AD72325-4CAB-4626-BF3B-D4F4E8676A01}.Release|Any CPU.Build.0 = Release|Any CPU
		{6CA57C6C-3D57-4761-9E0B-227E791CA9AA}.Debug|Any CPU.ActiveCfg = Debug|Any CPU
		{6CA57C6C-3D57-4761-9E0B-227E791CA9AA}.Debug|Any CPU.Build.0 = Debug|Any CPU
		{6CA57C6C-3D57-4761-9E0B-227E791CA9AA}.Release|Any CPU.ActiveCfg = Release|Any CPU
		{6CA57C6C-3D57-4761-9E0B-227E791CA9AA}.Release|Any CPU.Build.0 = Release|Any CPU
		{C9D88673-2AF3-4EE0-A581-D738390FFAC8}.Debug|Any CPU.ActiveCfg = Debug|Any CPU
		{C9D88673-2AF3-4EE0-A581-D738390FFAC8}.Debug|Any CPU.Build.0 = Debug|Any CPU
		{C9D88673-2AF3-4EE0-A581-D738390FFAC8}.Release|Any CPU.ActiveCfg = Release|Any CPU
		{C9D88673-2AF3-4EE0-A581-D738390FFAC8}.Release|Any CPU.Build.0 = Release|Any CPU
		{5E11C3E6-BEAD-4A12-AF89-AFF852A55B2A}.Debug|Any CPU.ActiveCfg = Debug|Any CPU
		{5E11C3E6-BEAD-4A12-AF89-AFF852A55B2A}.Debug|Any CPU.Build.0 = Debug|Any CPU
		{5E11C3E6-BEAD-4A12-AF89-AFF852A55B2A}.Release|Any CPU.ActiveCfg = Release|Any CPU
		{5E11C3E6-BEAD-4A12-AF89-AFF852A55B2A}.Release|Any CPU.Build.0 = Release|Any CPU
		{B13081C9-A79B-4B6E-86F4-B1BE97E77924}.Debug|Any CPU.ActiveCfg = Debug|Any CPU
		{B13081C9-A79B-4B6E-86F4-B1BE97E77924}.Debug|Any CPU.Build.0 = Debug|Any CPU
		{B13081C9-A79B-4B6E-86F4-B1BE97E77924}.Release|Any CPU.ActiveCfg = Release|Any CPU
		{B13081C9-A79B-4B6E-86F4-B1BE97E77924}.Release|Any CPU.Build.0 = Release|Any CPU
		{E0E51847-CD88-407A-8C8B-769D808A24CF}.Debug|Any CPU.ActiveCfg = Debug|Any CPU
		{E0E51847-CD88-407A-8C8B-769D808A24CF}.Debug|Any CPU.Build.0 = Debug|Any CPU
		{E0E51847-CD88-407A-8C8B-769D808A24CF}.Release|Any CPU.ActiveCfg = Release|Any CPU
		{E0E51847-CD88-407A-8C8B-769D808A24CF}.Release|Any CPU.Build.0 = Release|Any CPU
		{0399A71E-B85E-4755-9699-76B9991D0DEF}.Debug|Any CPU.ActiveCfg = Debug|Any CPU
		{0399A71E-B85E-4755-9699-76B9991D0DEF}.Debug|Any CPU.Build.0 = Debug|Any CPU
		{0399A71E-B85E-4755-9699-76B9991D0DEF}.Release|Any CPU.ActiveCfg = Release|Any CPU
		{0399A71E-B85E-4755-9699-76B9991D0DEF}.Release|Any CPU.Build.0 = Release|Any CPU
		{BFF49B3A-475B-4B59-9EEF-E1C5DCEF1889}.Debug|Any CPU.ActiveCfg = Debug|Any CPU
		{BFF49B3A-475B-4B59-9EEF-E1C5DCEF1889}.Debug|Any CPU.Build.0 = Debug|Any CPU
		{BFF49B3A-475B-4B59-9EEF-E1C5DCEF1889}.Release|Any CPU.ActiveCfg = Release|Any CPU
		{BFF49B3A-475B-4B59-9EEF-E1C5DCEF1889}.Release|Any CPU.Build.0 = Release|Any CPU
		{54758771-56B9-49F9-A318-E704636E6049}.Debug|Any CPU.ActiveCfg = Debug|Any CPU
		{54758771-56B9-49F9-A318-E704636E6049}.Debug|Any CPU.Build.0 = Debug|Any CPU
		{54758771-56B9-49F9-A318-E704636E6049}.Release|Any CPU.ActiveCfg = Release|Any CPU
		{54758771-56B9-49F9-A318-E704636E6049}.Release|Any CPU.Build.0 = Release|Any CPU
		{5E90E615-C667-4FBD-BC24-FC83CE25B65F}.Debug|Any CPU.ActiveCfg = Debug|Any CPU
		{5E90E615-C667-4FBD-BC24-FC83CE25B65F}.Debug|Any CPU.Build.0 = Debug|Any CPU
		{5E90E615-C667-4FBD-BC24-FC83CE25B65F}.Release|Any CPU.ActiveCfg = Release|Any CPU
		{5E90E615-C667-4FBD-BC24-FC83CE25B65F}.Release|Any CPU.Build.0 = Release|Any CPU
		{37037834-F848-4922-812D-8D221C0A35DB}.Debug|Any CPU.ActiveCfg = Debug|Any CPU
		{37037834-F848-4922-812D-8D221C0A35DB}.Debug|Any CPU.Build.0 = Debug|Any CPU
		{37037834-F848-4922-812D-8D221C0A35DB}.Release|Any CPU.ActiveCfg = Release|Any CPU
		{37037834-F848-4922-812D-8D221C0A35DB}.Release|Any CPU.Build.0 = Release|Any CPU
		{9849774D-10C6-4BBF-B747-381F3D514381}.Debug|Any CPU.ActiveCfg = Debug|Any CPU
		{9849774D-10C6-4BBF-B747-381F3D514381}.Debug|Any CPU.Build.0 = Debug|Any CPU
		{9849774D-10C6-4BBF-B747-381F3D514381}.Release|Any CPU.ActiveCfg = Release|Any CPU
		{9849774D-10C6-4BBF-B747-381F3D514381}.Release|Any CPU.Build.0 = Release|Any CPU
	EndGlobalSection
	GlobalSection(SolutionProperties) = preSolution
		HideSolutionNode = FALSE
	EndGlobalSection
	GlobalSection(NestedProjects) = preSolution
		{5E11C3E6-BEAD-4A12-AF89-AFF852A55B2A} = {EC398D4B-7C37-47C2-8891-186FAB2B707D}
		{B13081C9-A79B-4B6E-86F4-B1BE97E77924} = {EC398D4B-7C37-47C2-8891-186FAB2B707D}
		{6AD72325-4CAB-4626-BF3B-D4F4E8676A01} = {EC398D4B-7C37-47C2-8891-186FAB2B707D}
		{E0E51847-CD88-407A-8C8B-769D808A24CF} = {EC398D4B-7C37-47C2-8891-186FAB2B707D}
		{0399A71E-B85E-4755-9699-76B9991D0DEF} = {EC398D4B-7C37-47C2-8891-186FAB2B707D}
		{BFF49B3A-475B-4B59-9EEF-E1C5DCEF1889} = {EC398D4B-7C37-47C2-8891-186FAB2B707D}
		{54758771-56B9-49F9-A318-E704636E6049} = {EC398D4B-7C37-47C2-8891-186FAB2B707D}
		{5E90E615-C667-4FBD-BC24-FC83CE25B65F} = {EC398D4B-7C37-47C2-8891-186FAB2B707D}
		{37037834-F848-4922-812D-8D221C0A35DB} = {EC398D4B-7C37-47C2-8891-186FAB2B707D}
		{9849774D-10C6-4BBF-B747-381F3D514381} = {EC398D4B-7C37-47C2-8891-186FAB2B707D}
	EndGlobalSection
EndGlobal
