
Microsoft Visual Studio Solution File, Format Version 12.00
# Visual Studio 2013
VisualStudioVersion = 12.0.21005.1
MinimumVisualStudioVersion = 10.0.40219.1
Project("{FAE04EC0-301F-11D3-BF4B-00C04F79EFBC}") = "2.1 MethodOverlode", "2.MethodOverlode\2.1 MethodOverlode.csproj", "{9344B687-43A7-43C4-9815-27783749078B}"
EndProject
Project("{FAE04EC0-301F-11D3-BF4B-00C04F79EFBC}") = "1.ClassStudent", "1.Student\1.ClassStudent.csproj", "{DCDE100C-64D8-4529-BDC1-579F78123D41}"
EndProject
Project("{FAE04EC0-301F-11D3-BF4B-00C04F79EFBC}") = "3.1 Constructors", "3.Constructors\3.1 Constructors.csproj", "{C0276265-5FA5-4C9B-A00A-8FE39060CA82}"
EndProject
Project("{FAE04EC0-301F-11D3-BF4B-00C04F79EFBC}") = "4.1 StaticMembers", "4.StaticConstructors\4.1 StaticMembers.csproj", "{5832D196-1A9B-4484-8A17-86D51EE2C819}"
EndProject
Project("{FAE04EC0-301F-11D3-BF4B-00C04F79EFBC}") = "2.5 Parametrs", "5.Parametrs\2.5 Parametrs.csproj", "{A384377F-7118-4A4B-8AEE-F80A9D9DBFFB}"
EndProject
Project("{FAE04EC0-301F-11D3-BF4B-00C04F79EFBC}") = "2.2 MetodsModsOUT", "MetodsMods\2.2 MetodsModsOUT.csproj", "{117DF068-5BF7-4D9C-BC3A-DA21F636067F}"
EndProject
Project("{FAE04EC0-301F-11D3-BF4B-00C04F79EFBC}") = "2.3 MetodsModsREF", "MetodsModss\2.3 MetodsModsREF.csproj", "{D401560D-00D5-4711-9F2D-6FCE3123DF7F}"
EndProject
Project("{FAE04EC0-301F-11D3-BF4B-00C04F79EFBC}") = "5. PartialClasses", "PartialClasses\5. PartialClasses.csproj", "{EDD2E5C5-A478-4D3A-B0C7-6A128EB6F090}"
EndProject
Project("{FAE04EC0-301F-11D3-BF4B-00C04F79EFBC}") = "2.4 MetodModPARAMS", "MetodModPARAMS\2.4 MetodModPARAMS.csproj", "{772BC26F-8111-400B-ABA0-6C51C745AD2B}"
EndProject
Project("{FAE04EC0-301F-11D3-BF4B-00C04F79EFBC}") = "4.2 StaticClass", "StaticClass\4.2 StaticClass.csproj", "{C53D1A6E-AC76-4604-8516-AEC108B8B8C5}"
EndProject
Project("{FAE04EC0-301F-11D3-BF4B-00C04F79EFBC}") = "3.2 ConstructorCopy", "ConstructorCopy\3.2 ConstructorCopy.csproj", "{FE1888B9-3992-4F20-8D3A-6779F26D91E8}"
EndProject
Global
	GlobalSection(SolutionConfigurationPlatforms) = preSolution
		Debug|Any CPU = Debug|Any CPU
		Release|Any CPU = Release|Any CPU
	EndGlobalSection
	GlobalSection(ProjectConfigurationPlatforms) = postSolution
		{9344B687-43A7-43C4-9815-27783749078B}.Debug|Any CPU.ActiveCfg = Debug|Any CPU
		{9344B687-43A7-43C4-9815-27783749078B}.Debug|Any CPU.Build.0 = Debug|Any CPU
		{9344B687-43A7-43C4-9815-27783749078B}.Release|Any CPU.ActiveCfg = Release|Any CPU
		{9344B687-43A7-43C4-9815-27783749078B}.Release|Any CPU.Build.0 = Release|Any CPU
		{DCDE100C-64D8-4529-BDC1-579F78123D41}.Debug|Any CPU.ActiveCfg = Debug|Any CPU
		{DCDE100C-64D8-4529-BDC1-579F78123D41}.Debug|Any CPU.Build.0 = Debug|Any CPU
		{DCDE100C-64D8-4529-BDC1-579F78123D41}.Release|Any CPU.ActiveCfg = Release|Any CPU
		{DCDE100C-64D8-4529-BDC1-579F78123D41}.Release|Any CPU.Build.0 = Release|Any CPU
		{C0276265-5FA5-4C9B-A00A-8FE39060CA82}.Debug|Any CPU.ActiveCfg = Debug|Any CPU
		{C0276265-5FA5-4C9B-A00A-8FE39060CA82}.Debug|Any CPU.Build.0 = Debug|Any CPU
		{C0276265-5FA5-4C9B-A00A-8FE39060CA82}.Release|Any CPU.ActiveCfg = Release|Any CPU
		{C0276265-5FA5-4C9B-A00A-8FE39060CA82}.Release|Any CPU.Build.0 = Release|Any CPU
		{5832D196-1A9B-4484-8A17-86D51EE2C819}.Debug|Any CPU.ActiveCfg = Debug|Any CPU
		{5832D196-1A9B-4484-8A17-86D51EE2C819}.Debug|Any CPU.Build.0 = Debug|Any CPU
		{5832D196-1A9B-4484-8A17-86D51EE2C819}.Release|Any CPU.ActiveCfg = Release|Any CPU
		{5832D196-1A9B-4484-8A17-86D51EE2C819}.Release|Any CPU.Build.0 = Release|Any CPU
		{A384377F-7118-4A4B-8AEE-F80A9D9DBFFB}.Debug|Any CPU.ActiveCfg = Debug|Any CPU
		{A384377F-7118-4A4B-8AEE-F80A9D9DBFFB}.Debug|Any CPU.Build.0 = Debug|Any CPU
		{A384377F-7118-4A4B-8AEE-F80A9D9DBFFB}.Release|Any CPU.ActiveCfg = Release|Any CPU
		{A384377F-7118-4A4B-8AEE-F80A9D9DBFFB}.Release|Any CPU.Build.0 = Release|Any CPU
		{117DF068-5BF7-4D9C-BC3A-DA21F636067F}.Debug|Any CPU.ActiveCfg = Debug|Any CPU
		{117DF068-5BF7-4D9C-BC3A-DA21F636067F}.Debug|Any CPU.Build.0 = Debug|Any CPU
		{117DF068-5BF7-4D9C-BC3A-DA21F636067F}.Release|Any CPU.ActiveCfg = Release|Any CPU
		{117DF068-5BF7-4D9C-BC3A-DA21F636067F}.Release|Any CPU.Build.0 = Release|Any CPU
		{D401560D-00D5-4711-9F2D-6FCE3123DF7F}.Debug|Any CPU.ActiveCfg = Debug|Any CPU
		{D401560D-00D5-4711-9F2D-6FCE3123DF7F}.Debug|Any CPU.Build.0 = Debug|Any CPU
		{D401560D-00D5-4711-9F2D-6FCE3123DF7F}.Release|Any CPU.ActiveCfg = Release|Any CPU
		{D401560D-00D5-4711-9F2D-6FCE3123DF7F}.Release|Any CPU.Build.0 = Release|Any CPU
		{EDD2E5C5-A478-4D3A-B0C7-6A128EB6F090}.Debug|Any CPU.ActiveCfg = Debug|Any CPU
		{EDD2E5C5-A478-4D3A-B0C7-6A128EB6F090}.Debug|Any CPU.Build.0 = Debug|Any CPU
		{EDD2E5C5-A478-4D3A-B0C7-6A128EB6F090}.Release|Any CPU.ActiveCfg = Release|Any CPU
		{EDD2E5C5-A478-4D3A-B0C7-6A128EB6F090}.Release|Any CPU.Build.0 = Release|Any CPU
		{772BC26F-8111-400B-ABA0-6C51C745AD2B}.Debug|Any CPU.ActiveCfg = Debug|Any CPU
		{772BC26F-8111-400B-ABA0-6C51C745AD2B}.Debug|Any CPU.Build.0 = Debug|Any CPU
		{772BC26F-8111-400B-ABA0-6C51C745AD2B}.Release|Any CPU.ActiveCfg = Release|Any CPU
		{772BC26F-8111-400B-ABA0-6C51C745AD2B}.Release|Any CPU.Build.0 = Release|Any CPU
		{C53D1A6E-AC76-4604-8516-AEC108B8B8C5}.Debug|Any CPU.ActiveCfg = Debug|Any CPU
		{C53D1A6E-AC76-4604-8516-AEC108B8B8C5}.Debug|Any CPU.Build.0 = Debug|Any CPU
		{C53D1A6E-AC76-4604-8516-AEC108B8B8C5}.Release|Any CPU.ActiveCfg = Release|Any CPU
		{C53D1A6E-AC76-4604-8516-AEC108B8B8C5}.Release|Any CPU.Build.0 = Release|Any CPU
		{FE1888B9-3992-4F20-8D3A-6779F26D91E8}.Debug|Any CPU.ActiveCfg = Debug|Any CPU
		{FE1888B9-3992-4F20-8D3A-6779F26D91E8}.Debug|Any CPU.Build.0 = Debug|Any CPU
		{FE1888B9-3992-4F20-8D3A-6779F26D91E8}.Release|Any CPU.ActiveCfg = Release|Any CPU
		{FE1888B9-3992-4F20-8D3A-6779F26D91E8}.Release|Any CPU.Build.0 = Release|Any CPU
	EndGlobalSection
	GlobalSection(SolutionProperties) = preSolution
		HideSolutionNode = FALSE
	EndGlobalSection
EndGlobal
