
Microsoft Visual Studio Solution File, Format Version 12.00
# Visual Studio 2013
VisualStudioVersion = 12.0.21005.1
MinimumVisualStudioVersion = 10.0.40219.1
Project("{FAE04EC0-301F-11D3-BF4B-00C04F79EFBC}") = "1.Indexators", "Indexators\1.Indexators.csproj", "{804E43E3-BFD6-453C-9346-C1C4ED2F81A1}"
EndProject
Project("{FAE04EC0-301F-11D3-BF4B-00C04F79EFBC}") = "2.OverloadingIndexators", "OverloadingIndexators\2.OverloadingIndexators.csproj", "{6B0C29DA-FFA8-473A-B19A-03CBF7C8650B}"
EndProject
Project("{FAE04EC0-301F-11D3-BF4B-00C04F79EFBC}") = "3.IndexatorWithoutArr", "IndexatorWithoutArr\3.IndexatorWithoutArr.csproj", "{AF3C60E1-28A3-4520-9A46-4DEBE1151D1A}"
EndProject
Project("{FAE04EC0-301F-11D3-BF4B-00C04F79EFBC}") = "4.MultyDimIndexator", "MultyDimIndexator\4.MultyDimIndexator.csproj", "{C0CD001F-B7D6-449A-AC7A-6334CD7F07C1}"
EndProject
Project("{FAE04EC0-301F-11D3-BF4B-00C04F79EFBC}") = "5.Properties", "Properties\5.Properties.csproj", "{D4DC42F0-7E28-4174-A47A-F1D88F9C2282}"
EndProject
Global
	GlobalSection(SolutionConfigurationPlatforms) = preSolution
		Debug|Any CPU = Debug|Any CPU
		Release|Any CPU = Release|Any CPU
	EndGlobalSection
	GlobalSection(ProjectConfigurationPlatforms) = postSolution
		{804E43E3-BFD6-453C-9346-C1C4ED2F81A1}.Debug|Any CPU.ActiveCfg = Debug|Any CPU
		{804E43E3-BFD6-453C-9346-C1C4ED2F81A1}.Debug|Any CPU.Build.0 = Debug|Any CPU
		{804E43E3-BFD6-453C-9346-C1C4ED2F81A1}.Release|Any CPU.ActiveCfg = Release|Any CPU
		{804E43E3-BFD6-453C-9346-C1C4ED2F81A1}.Release|Any CPU.Build.0 = Release|Any CPU
		{6B0C29DA-FFA8-473A-B19A-03CBF7C8650B}.Debug|Any CPU.ActiveCfg = Debug|Any CPU
		{6B0C29DA-FFA8-473A-B19A-03CBF7C8650B}.Debug|Any CPU.Build.0 = Debug|Any CPU
		{6B0C29DA-FFA8-473A-B19A-03CBF7C8650B}.Release|Any CPU.ActiveCfg = Release|Any CPU
		{6B0C29DA-FFA8-473A-B19A-03CBF7C8650B}.Release|Any CPU.Build.0 = Release|Any CPU
		{AF3C60E1-28A3-4520-9A46-4DEBE1151D1A}.Debug|Any CPU.ActiveCfg = Debug|Any CPU
		{AF3C60E1-28A3-4520-9A46-4DEBE1151D1A}.Debug|Any CPU.Build.0 = Debug|Any CPU
		{AF3C60E1-28A3-4520-9A46-4DEBE1151D1A}.Release|Any CPU.ActiveCfg = Release|Any CPU
		{AF3C60E1-28A3-4520-9A46-4DEBE1151D1A}.Release|Any CPU.Build.0 = Release|Any CPU
		{C0CD001F-B7D6-449A-AC7A-6334CD7F07C1}.Debug|Any CPU.ActiveCfg = Debug|Any CPU
		{C0CD001F-B7D6-449A-AC7A-6334CD7F07C1}.Debug|Any CPU.Build.0 = Debug|Any CPU
		{C0CD001F-B7D6-449A-AC7A-6334CD7F07C1}.Release|Any CPU.ActiveCfg = Release|Any CPU
		{C0CD001F-B7D6-449A-AC7A-6334CD7F07C1}.Release|Any CPU.Build.0 = Release|Any CPU
		{D4DC42F0-7E28-4174-A47A-F1D88F9C2282}.Debug|Any CPU.ActiveCfg = Debug|Any CPU
		{D4DC42F0-7E28-4174-A47A-F1D88F9C2282}.Debug|Any CPU.Build.0 = Debug|Any CPU
		{D4DC42F0-7E28-4174-A47A-F1D88F9C2282}.Release|Any CPU.ActiveCfg = Release|Any CPU
		{D4DC42F0-7E28-4174-A47A-F1D88F9C2282}.Release|Any CPU.Build.0 = Release|Any CPU
	EndGlobalSection
	GlobalSection(SolutionProperties) = preSolution
		HideSolutionNode = FALSE
	EndGlobalSection
EndGlobal
