
Microsoft Visual Studio Solution File, Format Version 12.00
# Visual Studio 2013
VisualStudioVersion = 12.0.21005.1
MinimumVisualStudioVersion = 10.0.40219.1
Project("{FAE04EC0-301F-11D3-BF4B-00C04F79EFBC}") = "homeworks", "homeworks\homeworks.csproj", "{A63551CD-80D2-4C5B-951C-8D668D339306}"
EndProject
Global
	GlobalSection(SolutionConfigurationPlatforms) = preSolution
		Debug|Any CPU = Debug|Any CPU
		Release|Any CPU = Release|Any CPU
	EndGlobalSection
	GlobalSection(ProjectConfigurationPlatforms) = postSolution
		{A63551CD-80D2-4C5B-951C-8D668D339306}.Debug|Any CPU.ActiveCfg = Debug|Any CPU
		{A63551CD-80D2-4C5B-951C-8D668D339306}.Debug|Any CPU.Build.0 = Debug|Any CPU
		{A63551CD-80D2-4C5B-951C-8D668D339306}.Release|Any CPU.ActiveCfg = Release|Any CPU
		{A63551CD-80D2-4C5B-951C-8D668D339306}.Release|Any CPU.Build.0 = Release|Any CPU
	EndGlobalSection
	GlobalSection(SolutionProperties) = preSolution
		HideSolutionNode = FALSE
	EndGlobalSection
EndGlobal
