
Microsoft Visual Studio Solution File, Format Version 12.00
# Visual Studio 2013
VisualStudioVersion = 12.0.21005.1
MinimumVisualStudioVersion = 10.0.40219.1
Project("{FAE04EC0-301F-11D3-BF4B-00C04F79EFBC}") = "Example1GarbageCollection", "Example1\Example1GarbageCollection.csproj", "{D9612886-6558-4650-8596-240D33C100B8}"
EndProject
Project("{FAE04EC0-301F-11D3-BF4B-00C04F79EFBC}") = "Example2Finalize", "Example2\Example2Finalize.csproj", "{9A5585EC-94F0-4C80-B672-A2FE68E1B846}"
EndProject
Project("{FAE04EC0-301F-11D3-BF4B-00C04F79EFBC}") = "Example3IDisposable", "Example3\Example3IDisposable.csproj", "{A12A304D-8B45-462E-95B9-0B172BA63B85}"
EndProject
Project("{FAE04EC0-301F-11D3-BF4B-00C04F79EFBC}") = "Example3IDisposab", "Example3IDisposab\Example3IDisposab.csproj", "{8D967AFE-5F88-4494-AF89-6BCEC2976F02}"
EndProject
Project("{FAE04EC0-301F-11D3-BF4B-00C04F79EFBC}") = "Example4Combine", "Example4Combine\Example4Combine.csproj", "{A236D3D4-B6E3-4F5D-B13D-90CDE2BF2386}"
EndProject
Global
	GlobalSection(SolutionConfigurationPlatforms) = preSolution
		Debug|Any CPU = Debug|Any CPU
		Release|Any CPU = Release|Any CPU
	EndGlobalSection
	GlobalSection(ProjectConfigurationPlatforms) = postSolution
		{D9612886-6558-4650-8596-240D33C100B8}.Debug|Any CPU.ActiveCfg = Debug|Any CPU
		{D9612886-6558-4650-8596-240D33C100B8}.Debug|Any CPU.Build.0 = Debug|Any CPU
		{D9612886-6558-4650-8596-240D33C100B8}.Release|Any CPU.ActiveCfg = Release|Any CPU
		{D9612886-6558-4650-8596-240D33C100B8}.Release|Any CPU.Build.0 = Release|Any CPU
		{9A5585EC-94F0-4C80-B672-A2FE68E1B846}.Debug|Any CPU.ActiveCfg = Debug|Any CPU
		{9A5585EC-94F0-4C80-B672-A2FE68E1B846}.Debug|Any CPU.Build.0 = Debug|Any CPU
		{9A5585EC-94F0-4C80-B672-A2FE68E1B846}.Release|Any CPU.ActiveCfg = Release|Any CPU
		{9A5585EC-94F0-4C80-B672-A2FE68E1B846}.Release|Any CPU.Build.0 = Release|Any CPU
		{A12A304D-8B45-462E-95B9-0B172BA63B85}.Debug|Any CPU.ActiveCfg = Debug|Any CPU
		{A12A304D-8B45-462E-95B9-0B172BA63B85}.Debug|Any CPU.Build.0 = Debug|Any CPU
		{A12A304D-8B45-462E-95B9-0B172BA63B85}.Release|Any CPU.ActiveCfg = Release|Any CPU
		{A12A304D-8B45-462E-95B9-0B172BA63B85}.Release|Any CPU.Build.0 = Release|Any CPU
		{8D967AFE-5F88-4494-AF89-6BCEC2976F02}.Debug|Any CPU.ActiveCfg = Debug|Any CPU
		{8D967AFE-5F88-4494-AF89-6BCEC2976F02}.Debug|Any CPU.Build.0 = Debug|Any CPU
		{8D967AFE-5F88-4494-AF89-6BCEC2976F02}.Release|Any CPU.ActiveCfg = Release|Any CPU
		{8D967AFE-5F88-4494-AF89-6BCEC2976F02}.Release|Any CPU.Build.0 = Release|Any CPU
		{A236D3D4-B6E3-4F5D-B13D-90CDE2BF2386}.Debug|Any CPU.ActiveCfg = Debug|Any CPU
		{A236D3D4-B6E3-4F5D-B13D-90CDE2BF2386}.Debug|Any CPU.Build.0 = Debug|Any CPU
		{A236D3D4-B6E3-4F5D-B13D-90CDE2BF2386}.Release|Any CPU.ActiveCfg = Release|Any CPU
		{A236D3D4-B6E3-4F5D-B13D-90CDE2BF2386}.Release|Any CPU.Build.0 = Release|Any CPU
	EndGlobalSection
	GlobalSection(SolutionProperties) = preSolution
		HideSolutionNode = FALSE
	EndGlobalSection
EndGlobal
