
Microsoft Visual Studio Solution File, Format Version 12.00
# Visual Studio 2013
VisualStudioVersion = 12.0.21005.1
MinimumVisualStudioVersion = 10.0.40219.1
Project("{FAE04EC0-301F-11D3-BF4B-00C04F79EFBC}") = "Example1IsMatch", "Example1Simple\Example1IsMatch.csproj", "{6F230E25-AFE7-4012-8963-1A0F12B8AA47}"
EndProject
Project("{FAE04EC0-301F-11D3-BF4B-00C04F79EFBC}") = "Example2Matches", "Example2Matches\Example2Matches.csproj", "{A5B0E855-4E57-41E6-BF63-CCFBB5E80F69}"
EndProject
Project("{FAE04EC0-301F-11D3-BF4B-00C04F79EFBC}") = "Example3Split", "Example3Split\Example3Split.csproj", "{6BC79411-8E9C-4757-B858-082D348E2012}"
EndProject
Project("{FAE04EC0-301F-11D3-BF4B-00C04F79EFBC}") = "Example5.2Group", "Example4\Example5.2Group.csproj", "{5FE5DD91-E268-47E5-9873-9C2CA67F1A41}"
EndProject
Project("{FAE04EC0-301F-11D3-BF4B-00C04F79EFBC}") = "Example6", "Example5\Example6.csproj", "{0D2E33D3-EE49-4A1F-9594-868378369986}"
EndProject
Project("{FAE04EC0-301F-11D3-BF4B-00C04F79EFBC}") = "Example7", "Example6\Example7.csproj", "{87454F57-9703-4AD6-8A9D-B2C462061718}"
EndProject
Project("{FAE04EC0-301F-11D3-BF4B-00C04F79EFBC}") = "Example4Replace", "Example5Replace\Example4Replace.csproj", "{437C057A-B5B8-496C-BE3A-6A7741EA692E}"
EndProject
Project("{FAE04EC0-301F-11D3-BF4B-00C04F79EFBC}") = "Example5.1Group", "ExampleGroup2\Example5.1Group.csproj", "{84F1F083-874A-481D-B7D9-4CD76DB34D15}"
EndProject
Global
	GlobalSection(SolutionConfigurationPlatforms) = preSolution
		Debug|Any CPU = Debug|Any CPU
		Release|Any CPU = Release|Any CPU
	EndGlobalSection
	GlobalSection(ProjectConfigurationPlatforms) = postSolution
		{6F230E25-AFE7-4012-8963-1A0F12B8AA47}.Debug|Any CPU.ActiveCfg = Debug|Any CPU
		{6F230E25-AFE7-4012-8963-1A0F12B8AA47}.Debug|Any CPU.Build.0 = Debug|Any CPU
		{6F230E25-AFE7-4012-8963-1A0F12B8AA47}.Release|Any CPU.ActiveCfg = Release|Any CPU
		{6F230E25-AFE7-4012-8963-1A0F12B8AA47}.Release|Any CPU.Build.0 = Release|Any CPU
		{A5B0E855-4E57-41E6-BF63-CCFBB5E80F69}.Debug|Any CPU.ActiveCfg = Debug|Any CPU
		{A5B0E855-4E57-41E6-BF63-CCFBB5E80F69}.Debug|Any CPU.Build.0 = Debug|Any CPU
		{A5B0E855-4E57-41E6-BF63-CCFBB5E80F69}.Release|Any CPU.ActiveCfg = Release|Any CPU
		{A5B0E855-4E57-41E6-BF63-CCFBB5E80F69}.Release|Any CPU.Build.0 = Release|Any CPU
		{6BC79411-8E9C-4757-B858-082D348E2012}.Debug|Any CPU.ActiveCfg = Debug|Any CPU
		{6BC79411-8E9C-4757-B858-082D348E2012}.Debug|Any CPU.Build.0 = Debug|Any CPU
		{6BC79411-8E9C-4757-B858-082D348E2012}.Release|Any CPU.ActiveCfg = Release|Any CPU
		{6BC79411-8E9C-4757-B858-082D348E2012}.Release|Any CPU.Build.0 = Release|Any CPU
		{5FE5DD91-E268-47E5-9873-9C2CA67F1A41}.Debug|Any CPU.ActiveCfg = Debug|Any CPU
		{5FE5DD91-E268-47E5-9873-9C2CA67F1A41}.Debug|Any CPU.Build.0 = Debug|Any CPU
		{5FE5DD91-E268-47E5-9873-9C2CA67F1A41}.Release|Any CPU.ActiveCfg = Release|Any CPU
		{5FE5DD91-E268-47E5-9873-9C2CA67F1A41}.Release|Any CPU.Build.0 = Release|Any CPU
		{0D2E33D3-EE49-4A1F-9594-868378369986}.Debug|Any CPU.ActiveCfg = Debug|Any CPU
		{0D2E33D3-EE49-4A1F-9594-868378369986}.Debug|Any CPU.Build.0 = Debug|Any CPU
		{0D2E33D3-EE49-4A1F-9594-868378369986}.Release|Any CPU.ActiveCfg = Release|Any CPU
		{0D2E33D3-EE49-4A1F-9594-868378369986}.Release|Any CPU.Build.0 = Release|Any CPU
		{87454F57-9703-4AD6-8A9D-B2C462061718}.Debug|Any CPU.ActiveCfg = Debug|Any CPU
		{87454F57-9703-4AD6-8A9D-B2C462061718}.Debug|Any CPU.Build.0 = Debug|Any CPU
		{87454F57-9703-4AD6-8A9D-B2C462061718}.Release|Any CPU.ActiveCfg = Release|Any CPU
		{87454F57-9703-4AD6-8A9D-B2C462061718}.Release|Any CPU.Build.0 = Release|Any CPU
		{437C057A-B5B8-496C-BE3A-6A7741EA692E}.Debug|Any CPU.ActiveCfg = Debug|Any CPU
		{437C057A-B5B8-496C-BE3A-6A7741EA692E}.Debug|Any CPU.Build.0 = Debug|Any CPU
		{437C057A-B5B8-496C-BE3A-6A7741EA692E}.Release|Any CPU.ActiveCfg = Release|Any CPU
		{437C057A-B5B8-496C-BE3A-6A7741EA692E}.Release|Any CPU.Build.0 = Release|Any CPU
		{84F1F083-874A-481D-B7D9-4CD76DB34D15}.Debug|Any CPU.ActiveCfg = Debug|Any CPU
		{84F1F083-874A-481D-B7D9-4CD76DB34D15}.Debug|Any CPU.Build.0 = Debug|Any CPU
		{84F1F083-874A-481D-B7D9-4CD76DB34D15}.Release|Any CPU.ActiveCfg = Release|Any CPU
		{84F1F083-874A-481D-B7D9-4CD76DB34D15}.Release|Any CPU.Build.0 = Release|Any CPU
	EndGlobalSection
	GlobalSection(SolutionProperties) = preSolution
		HideSolutionNode = FALSE
	EndGlobalSection
EndGlobal
