
Microsoft Visual Studio Solution File, Format Version 12.00
# Visual Studio 2013
VisualStudioVersion = 12.0.21005.1
MinimumVisualStudioVersion = 10.0.40219.1
Project("{FAE04EC0-301F-11D3-BF4B-00C04F79EFBC}") = "dz1part2", "dz1part2\dz1part2.csproj", "{71154260-219C-4CE8-9701-88674F01F7B5}"
EndProject
Project("{FAE04EC0-301F-11D3-BF4B-00C04F79EFBC}") = "dz1part3", "dz1part3\dz1part3.csproj", "{E7CF4B3E-1D0A-4374-8E50-44D6F039F01C}"
EndProject
Project("{FAE04EC0-301F-11D3-BF4B-00C04F79EFBC}") = "dz1part1", "dz1part1\dz1part1.csproj", "{ABA0AF78-6980-47E2-B697-159674EC0088}"
EndProject
Project("{FAE04EC0-301F-11D3-BF4B-00C04F79EFBC}") = "lesson2(07.04.15)", "lesson2(07.04.15)\lesson2(07.04.15).csproj", "{2E572C3B-4B0F-4231-87CF-A505610F2AA4}"
EndProject
Project("{FAE04EC0-301F-11D3-BF4B-00C04F79EFBC}") = "dz2part2", "dz2part2\dz2part2.csproj", "{4B6322C4-F2DA-448E-91F0-DC7069A7131F}"
EndProject
Project("{FAE04EC0-301F-11D3-BF4B-00C04F79EFBC}") = "dz2part3", "dz2part3\dz2part3.csproj", "{BBE8BAAE-B8CD-4C1F-BFFE-0CD6FC306CE2}"
EndProject
Project("{FAE04EC0-301F-11D3-BF4B-00C04F79EFBC}") = "dz2part1", "dz2part1\dz2part1.csproj", "{BABAADE5-08F0-4A30-AC4F-C6ED0D748043}"
EndProject
Project("{FAE04EC0-301F-11D3-BF4B-00C04F79EFBC}") = "dz3", "dz3\dz3.csproj", "{5103DB16-338B-4091-82E1-C93FAFD0F6CB}"
EndProject
Project("{FAE04EC0-301F-11D3-BF4B-00C04F79EFBC}") = "dz5", "dz5\dz5.csproj", "{7ACDE370-7D58-4746-B6FA-FD380C521D36}"
EndProject
Project("{FAE04EC0-301F-11D3-BF4B-00C04F79EFBC}") = "day10", "day10\day10.csproj", "{0F9E55D0-D310-461A-824E-7A526BCBFA32}"
EndProject
Project("{FAE04EC0-301F-11D3-BF4B-00C04F79EFBC}") = "dz4", "dz4\dz4.csproj", "{9E056D9A-BC59-4C3C-80CA-414AA1AF936B}"
EndProject
Project("{FAE04EC0-301F-11D3-BF4B-00C04F79EFBC}") = "dz7", "dz7\dz7.csproj", "{0DD00804-765B-445E-9D96-A985E8391862}"
EndProject
Global
	GlobalSection(SolutionConfigurationPlatforms) = preSolution
		Debug|Any CPU = Debug|Any CPU
		Release|Any CPU = Release|Any CPU
	EndGlobalSection
	GlobalSection(ProjectConfigurationPlatforms) = postSolution
		{71154260-219C-4CE8-9701-88674F01F7B5}.Debug|Any CPU.ActiveCfg = Debug|Any CPU
		{71154260-219C-4CE8-9701-88674F01F7B5}.Debug|Any CPU.Build.0 = Debug|Any CPU
		{71154260-219C-4CE8-9701-88674F01F7B5}.Release|Any CPU.ActiveCfg = Release|Any CPU
		{71154260-219C-4CE8-9701-88674F01F7B5}.Release|Any CPU.Build.0 = Release|Any CPU
		{E7CF4B3E-1D0A-4374-8E50-44D6F039F01C}.Debug|Any CPU.ActiveCfg = Debug|Any CPU
		{E7CF4B3E-1D0A-4374-8E50-44D6F039F01C}.Debug|Any CPU.Build.0 = Debug|Any CPU
		{E7CF4B3E-1D0A-4374-8E50-44D6F039F01C}.Release|Any CPU.ActiveCfg = Release|Any CPU
		{E7CF4B3E-1D0A-4374-8E50-44D6F039F01C}.Release|Any CPU.Build.0 = Release|Any CPU
		{ABA0AF78-6980-47E2-B697-159674EC0088}.Debug|Any CPU.ActiveCfg = Debug|Any CPU
		{ABA0AF78-6980-47E2-B697-159674EC0088}.Debug|Any CPU.Build.0 = Debug|Any CPU
		{ABA0AF78-6980-47E2-B697-159674EC0088}.Release|Any CPU.ActiveCfg = Release|Any CPU
		{ABA0AF78-6980-47E2-B697-159674EC0088}.Release|Any CPU.Build.0 = Release|Any CPU
		{2E572C3B-4B0F-4231-87CF-A505610F2AA4}.Debug|Any CPU.ActiveCfg = Debug|Any CPU
		{2E572C3B-4B0F-4231-87CF-A505610F2AA4}.Debug|Any CPU.Build.0 = Debug|Any CPU
		{2E572C3B-4B0F-4231-87CF-A505610F2AA4}.Release|Any CPU.ActiveCfg = Release|Any CPU
		{2E572C3B-4B0F-4231-87CF-A505610F2AA4}.Release|Any CPU.Build.0 = Release|Any CPU
		{4B6322C4-F2DA-448E-91F0-DC7069A7131F}.Debug|Any CPU.ActiveCfg = Debug|Any CPU
		{4B6322C4-F2DA-448E-91F0-DC7069A7131F}.Debug|Any CPU.Build.0 = Debug|Any CPU
		{4B6322C4-F2DA-448E-91F0-DC7069A7131F}.Release|Any CPU.ActiveCfg = Release|Any CPU
		{4B6322C4-F2DA-448E-91F0-DC7069A7131F}.Release|Any CPU.Build.0 = Release|Any CPU
		{BBE8BAAE-B8CD-4C1F-BFFE-0CD6FC306CE2}.Debug|Any CPU.ActiveCfg = Debug|Any CPU
		{BBE8BAAE-B8CD-4C1F-BFFE-0CD6FC306CE2}.Debug|Any CPU.Build.0 = Debug|Any CPU
		{BBE8BAAE-B8CD-4C1F-BFFE-0CD6FC306CE2}.Release|Any CPU.ActiveCfg = Release|Any CPU
		{BBE8BAAE-B8CD-4C1F-BFFE-0CD6FC306CE2}.Release|Any CPU.Build.0 = Release|Any CPU
		{BABAADE5-08F0-4A30-AC4F-C6ED0D748043}.Debug|Any CPU.ActiveCfg = Debug|Any CPU
		{BABAADE5-08F0-4A30-AC4F-C6ED0D748043}.Debug|Any CPU.Build.0 = Debug|Any CPU
		{BABAADE5-08F0-4A30-AC4F-C6ED0D748043}.Release|Any CPU.ActiveCfg = Release|Any CPU
		{BABAADE5-08F0-4A30-AC4F-C6ED0D748043}.Release|Any CPU.Build.0 = Release|Any CPU
		{5103DB16-338B-4091-82E1-C93FAFD0F6CB}.Debug|Any CPU.ActiveCfg = Debug|Any CPU
		{5103DB16-338B-4091-82E1-C93FAFD0F6CB}.Debug|Any CPU.Build.0 = Debug|Any CPU
		{5103DB16-338B-4091-82E1-C93FAFD0F6CB}.Release|Any CPU.ActiveCfg = Release|Any CPU
		{5103DB16-338B-4091-82E1-C93FAFD0F6CB}.Release|Any CPU.Build.0 = Release|Any CPU
		{7ACDE370-7D58-4746-B6FA-FD380C521D36}.Debug|Any CPU.ActiveCfg = Debug|Any CPU
		{7ACDE370-7D58-4746-B6FA-FD380C521D36}.Debug|Any CPU.Build.0 = Debug|Any CPU
		{7ACDE370-7D58-4746-B6FA-FD380C521D36}.Release|Any CPU.ActiveCfg = Release|Any CPU
		{7ACDE370-7D58-4746-B6FA-FD380C521D36}.Release|Any CPU.Build.0 = Release|Any CPU
		{0F9E55D0-D310-461A-824E-7A526BCBFA32}.Debug|Any CPU.ActiveCfg = Debug|Any CPU
		{0F9E55D0-D310-461A-824E-7A526BCBFA32}.Debug|Any CPU.Build.0 = Debug|Any CPU
		{0F9E55D0-D310-461A-824E-7A526BCBFA32}.Release|Any CPU.ActiveCfg = Release|Any CPU
		{0F9E55D0-D310-461A-824E-7A526BCBFA32}.Release|Any CPU.Build.0 = Release|Any CPU
		{9E056D9A-BC59-4C3C-80CA-414AA1AF936B}.Debug|Any CPU.ActiveCfg = Debug|Any CPU
		{9E056D9A-BC59-4C3C-80CA-414AA1AF936B}.Debug|Any CPU.Build.0 = Debug|Any CPU
		{9E056D9A-BC59-4C3C-80CA-414AA1AF936B}.Release|Any CPU.ActiveCfg = Release|Any CPU
		{9E056D9A-BC59-4C3C-80CA-414AA1AF936B}.Release|Any CPU.Build.0 = Release|Any CPU
		{0DD00804-765B-445E-9D96-A985E8391862}.Debug|Any CPU.ActiveCfg = Debug|Any CPU
		{0DD00804-765B-445E-9D96-A985E8391862}.Debug|Any CPU.Build.0 = Debug|Any CPU
		{0DD00804-765B-445E-9D96-A985E8391862}.Release|Any CPU.ActiveCfg = Release|Any CPU
		{0DD00804-765B-445E-9D96-A985E8391862}.Release|Any CPU.Build.0 = Release|Any CPU
	EndGlobalSection
	GlobalSection(SolutionProperties) = preSolution
		HideSolutionNode = FALSE
	EndGlobalSection
EndGlobal
